
Microsoft Visual Studio Solution File, Format Version 12.00
# Visual Studio Version 16
VisualStudioVersion = 16.0.31702.278
MinimumVisualStudioVersion = 10.0.40219.1
Project("{9A19103F-16F7-4668-BE54-9A1E7A4F7556}") = "Entities", "Entities\Entities.csproj", "{009DBBE2-F3C1-4815-9E21-D4E7BD99E68A}"
EndProject
Project("{9A19103F-16F7-4668-BE54-9A1E7A4F7556}") = "DataAccess", "DataAccess\DataAccess.csproj", "{8DBF1B50-6437-43A1-AA44-017D5DB58EF5}"
EndProject
Project("{9A19103F-16F7-4668-BE54-9A1E7A4F7556}") = "Core", "Core\Core.csproj", "{F8C7AF10-303D-410B-AD00-AB3E124BFFA9}"
EndProject
Project("{9A19103F-16F7-4668-BE54-9A1E7A4F7556}") = "Businnes", "Businnes\Businnes.csproj", "{C67FAA9C-D91B-4491-A77F-BDC928FB6D8C}"
EndProject
Project("{FAE04EC0-301F-11D3-BF4B-00C04F79EFBC}") = "WebAPI", "WebAPI\WebAPI.csproj", "{BECC890B-F6AA-4566-B973-E59358E7A361}"
EndProject
Global
	GlobalSection(SolutionConfigurationPlatforms) = preSolution
		Debug|Any CPU = Debug|Any CPU
		Release|Any CPU = Release|Any CPU
	EndGlobalSection
	GlobalSection(ProjectConfigurationPlatforms) = postSolution
		{009DBBE2-F3C1-4815-9E21-D4E7BD99E68A}.Debug|Any CPU.ActiveCfg = Debug|Any CPU
		{009DBBE2-F3C1-4815-9E21-D4E7BD99E68A}.Debug|Any CPU.Build.0 = Debug|Any CPU
		{009DBBE2-F3C1-4815-9E21-D4E7BD99E68A}.Release|Any CPU.ActiveCfg = Release|Any CPU
		{009DBBE2-F3C1-4815-9E21-D4E7BD99E68A}.Release|Any CPU.Build.0 = Release|Any CPU
		{8DBF1B50-6437-43A1-AA44-017D5DB58EF5}.Debug|Any CPU.ActiveCfg = Debug|Any CPU
		{8DBF1B50-6437-43A1-AA44-017D5DB58EF5}.Debug|Any CPU.Build.0 = Debug|Any CPU
		{8DBF1B50-6437-43A1-AA44-017D5DB58EF5}.Release|Any CPU.ActiveCfg = Release|Any CPU
		{8DBF1B50-6437-43A1-AA44-017D5DB58EF5}.Release|Any CPU.Build.0 = Release|Any CPU
		{F8C7AF10-303D-410B-AD00-AB3E124BFFA9}.Debug|Any CPU.ActiveCfg = Debug|Any CPU
		{F8C7AF10-303D-410B-AD00-AB3E124BFFA9}.Debug|Any CPU.Build.0 = Debug|Any CPU
		{F8C7AF10-303D-410B-AD00-AB3E124BFFA9}.Release|Any CPU.ActiveCfg = Release|Any CPU
		{F8C7AF10-303D-410B-AD00-AB3E124BFFA9}.Release|Any CPU.Build.0 = Release|Any CPU
		{C67FAA9C-D91B-4491-A77F-BDC928FB6D8C}.Debug|Any CPU.ActiveCfg = Debug|Any CPU
		{C67FAA9C-D91B-4491-A77F-BDC928FB6D8C}.Debug|Any CPU.Build.0 = Debug|Any CPU
		{C67FAA9C-D91B-4491-A77F-BDC928FB6D8C}.Release|Any CPU.ActiveCfg = Release|Any CPU
		{C67FAA9C-D91B-4491-A77F-BDC928FB6D8C}.Release|Any CPU.Build.0 = Release|Any CPU
		{BECC890B-F6AA-4566-B973-E59358E7A361}.Debug|Any CPU.ActiveCfg = Debug|Any CPU
		{BECC890B-F6AA-4566-B973-E59358E7A361}.Debug|Any CPU.Build.0 = Debug|Any CPU
		{BECC890B-F6AA-4566-B973-E59358E7A361}.Release|Any CPU.ActiveCfg = Release|Any CPU
		{BECC890B-F6AA-4566-B973-E59358E7A361}.Release|Any CPU.Build.0 = Release|Any CPU
	EndGlobalSection
	GlobalSection(SolutionProperties) = preSolution
		HideSolutionNode = FALSE
	EndGlobalSection
	GlobalSection(ExtensibilityGlobals) = postSolution
		SolutionGuid = {C766ADC6-90D3-4A21-AD91-B50F5AE80640}
	EndGlobalSection
EndGlobal
